
Microsoft Visual Studio Solution File, Format Version 12.00
# Visual Studio Version 17
VisualStudioVersion = 17.5.002.0
MinimumVisualStudioVersion = 10.0.40219.1
Project("{9A19103F-16F7-4668-BE54-9A1E7A4F7556}") = "Массивы", "Массивы.csproj", "{DAE21F42-168F-417F-9AAE-79FAF8F98BAE}"
EndProject
Global
	GlobalSection(SolutionConfigurationPlatforms) = preSolution
		Debug|Any CPU = Debug|Any CPU
		Release|Any CPU = Release|Any CPU
	EndGlobalSection
	GlobalSection(ProjectConfigurationPlatforms) = postSolution
		{DAE21F42-168F-417F-9AAE-79FAF8F98BAE}.Debug|Any CPU.ActiveCfg = Debug|Any CPU
		{DAE21F42-168F-417F-9AAE-79FAF8F98BAE}.Debug|Any CPU.Build.0 = Debug|Any CPU
		{DAE21F42-168F-417F-9AAE-79FAF8F98BAE}.Release|Any CPU.ActiveCfg = Release|Any CPU
		{DAE21F42-168F-417F-9AAE-79FAF8F98BAE}.Release|Any CPU.Build.0 = Release|Any CPU
	EndGlobalSection
	GlobalSection(SolutionProperties) = preSolution
		HideSolutionNode = FALSE
	EndGlobalSection
	GlobalSection(ExtensibilityGlobals) = postSolution
		SolutionGuid = {C83858E7-82B5-4808-812E-E7A36F276DF9}
	EndGlobalSection
EndGlobal
